
Microsoft Visual Studio Solution File, Format Version 12.00
# Visual Studio Version 16
VisualStudioVersion = 16.0.29025.244
MinimumVisualStudioVersion = 10.0.40219.1
Project("{FAE04EC0-301F-11D3-BF4B-00C04F79EFBC}") = "Sln2CMakes", "Sln2CMakes\Sln2CMakes.csproj", "{AFDF1AE6-979A-4F9E-B377-47181487CF2E}"
EndProject
Project("{FAE04EC0-301F-11D3-BF4B-00C04F79EFBC}") = "Vs", "Vs\Vs.csproj", "{1C834FFC-8B86-43B3-838A-3449B1CCCF78}"
EndProject
Global
	GlobalSection(SolutionConfigurationPlatforms) = preSolution
		Debug|Any CPU = Debug|Any CPU
		Release|Any CPU = Release|Any CPU
	EndGlobalSection
	GlobalSection(ProjectConfigurationPlatforms) = postSolution
		{AFDF1AE6-979A-4F9E-B377-47181487CF2E}.Debug|Any CPU.ActiveCfg = Debug|Any CPU
		{AFDF1AE6-979A-4F9E-B377-47181487CF2E}.Debug|Any CPU.Build.0 = Debug|Any CPU
		{AFDF1AE6-979A-4F9E-B377-47181487CF2E}.Release|Any CPU.ActiveCfg = Release|Any CPU
		{AFDF1AE6-979A-4F9E-B377-47181487CF2E}.Release|Any CPU.Build.0 = Release|Any CPU
		{1C834FFC-8B86-43B3-838A-3449B1CCCF78}.Debug|Any CPU.ActiveCfg = Debug|Any CPU
		{1C834FFC-8B86-43B3-838A-3449B1CCCF78}.Debug|Any CPU.Build.0 = Debug|Any CPU
		{1C834FFC-8B86-43B3-838A-3449B1CCCF78}.Release|Any CPU.ActiveCfg = Release|Any CPU
		{1C834FFC-8B86-43B3-838A-3449B1CCCF78}.Release|Any CPU.Build.0 = Release|Any CPU
	EndGlobalSection
	GlobalSection(SolutionProperties) = preSolution
		HideSolutionNode = FALSE
	EndGlobalSection
	GlobalSection(ExtensibilityGlobals) = postSolution
		SolutionGuid = {231C688B-0E84-4983-A651-614250BA521F}
	EndGlobalSection
EndGlobal
